
Microsoft Visual Studio Solution File, Format Version 12.00
# Visual Studio Version 17
VisualStudioVersion = 17.6.33723.286
MinimumVisualStudioVersion = 10.0.40219.1
Project("{FAE04EC0-301F-11D3-BF4B-00C04F79EFBC}") = "Module 37 HomeApp.UWP", "Module 37 HomeApp\Module 37 HomeApp.UWP\Module 37 HomeApp.UWP.csproj", "{4C49806F-5847-4F8E-8DB2-1A667B55945A}"
EndProject
Project("{FAE04EC0-301F-11D3-BF4B-00C04F79EFBC}") = "Module 37 HomeApp.Android", "Module 37 HomeApp\Module 37 HomeApp.Android\Module 37 HomeApp.Android.csproj", "{F736E29E-B0F2-4ECA-AEF9-3B9E8BE5F2E4}"
EndProject
Project("{FAE04EC0-301F-11D3-BF4B-00C04F79EFBC}") = "Module 37 HomeApp.iOS", "Module 37 HomeApp\Module 37 HomeApp.iOS\Module 37 HomeApp.iOS.csproj", "{C4D4D160-17C6-43FD-A6DA-91D4F5C3249F}"
EndProject
Project("{FAE04EC0-301F-11D3-BF4B-00C04F79EFBC}") = "Module 37 HomeApp", "Module 37 HomeApp\Module 37 HomeApp\Module 37 HomeApp.csproj", "{9C415C17-A8E7-4DB7-9F26-C7E86A9C355B}"
EndProject
Global
	GlobalSection(SolutionConfigurationPlatforms) = preSolution
		Debug|Any CPU = Debug|Any CPU
		Debug|ARM = Debug|ARM
		Debug|iPhone = Debug|iPhone
		Debug|iPhoneSimulator = Debug|iPhoneSimulator
		Debug|x64 = Debug|x64
		Debug|x86 = Debug|x86
		Release|Any CPU = Release|Any CPU
		Release|ARM = Release|ARM
		Release|iPhone = Release|iPhone
		Release|iPhoneSimulator = Release|iPhoneSimulator
		Release|x64 = Release|x64
		Release|x86 = Release|x86
	EndGlobalSection
	GlobalSection(ProjectConfigurationPlatforms) = postSolution
		{4C49806F-5847-4F8E-8DB2-1A667B55945A}.Debug|Any CPU.ActiveCfg = Debug|x64
		{4C49806F-5847-4F8E-8DB2-1A667B55945A}.Debug|Any CPU.Build.0 = Debug|x64
		{4C49806F-5847-4F8E-8DB2-1A667B55945A}.Debug|Any CPU.Deploy.0 = Debug|x64
		{4C49806F-5847-4F8E-8DB2-1A667B55945A}.Debug|ARM.ActiveCfg = Debug|ARM
		{4C49806F-5847-4F8E-8DB2-1A667B55945A}.Debug|ARM.Build.0 = Debug|ARM
		{4C49806F-5847-4F8E-8DB2-1A667B55945A}.Debug|ARM.Deploy.0 = Debug|ARM
		{4C49806F-5847-4F8E-8DB2-1A667B55945A}.Debug|iPhone.ActiveCfg = Debug|x64
		{4C49806F-5847-4F8E-8DB2-1A667B55945A}.Debug|iPhone.Build.0 = Debug|x64
		{4C49806F-5847-4F8E-8DB2-1A667B55945A}.Debug|iPhone.Deploy.0 = Debug|x64
		{4C49806F-5847-4F8E-8DB2-1A667B55945A}.Debug|iPhoneSimulator.ActiveCfg = Debug|x64
		{4C49806F-5847-4F8E-8DB2-1A667B55945A}.Debug|iPhoneSimulator.Build.0 = Debug|x64
		{4C49806F-5847-4F8E-8DB2-1A667B55945A}.Debug|iPhoneSimulator.Deploy.0 = Debug|x64
		{4C49806F-5847-4F8E-8DB2-1A667B55945A}.Debug|x64.ActiveCfg = Debug|x64
		{4C49806F-5847-4F8E-8DB2-1A667B55945A}.Debug|x64.Build.0 = Debug|x64
		{4C49806F-5847-4F8E-8DB2-1A667B55945A}.Debug|x64.Deploy.0 = Debug|x64
		{4C49806F-5847-4F8E-8DB2-1A667B55945A}.Debug|x86.ActiveCfg = Debug|x86
		{4C49806F-5847-4F8E-8DB2-1A667B55945A}.Debug|x86.Build.0 = Debug|x86
		{4C49806F-5847-4F8E-8DB2-1A667B55945A}.Debug|x86.Deploy.0 = Debug|x86
		{4C49806F-5847-4F8E-8DB2-1A667B55945A}.Release|Any CPU.ActiveCfg = Release|x64
		{4C49806F-5847-4F8E-8DB2-1A667B55945A}.Release|Any CPU.Build.0 = Release|x64
		{4C49806F-5847-4F8E-8DB2-1A667B55945A}.Release|Any CPU.Deploy.0 = Release|x64
		{4C49806F-5847-4F8E-8DB2-1A667B55945A}.Release|ARM.ActiveCfg = Release|ARM
		{4C49806F-5847-4F8E-8DB2-1A667B55945A}.Release|ARM.Build.0 = Release|ARM
		{4C49806F-5847-4F8E-8DB2-1A667B55945A}.Release|ARM.Deploy.0 = Release|ARM
		{4C49806F-5847-4F8E-8DB2-1A667B55945A}.Release|iPhone.ActiveCfg = Release|x64
		{4C49806F-5847-4F8E-8DB2-1A667B55945A}.Release|iPhone.Build.0 = Release|x64
		{4C49806F-5847-4F8E-8DB2-1A667B55945A}.Release|iPhone.Deploy.0 = Release|x64
		{4C49806F-5847-4F8E-8DB2-1A667B55945A}.Release|iPhoneSimulator.ActiveCfg = Release|x64
		{4C49806F-5847-4F8E-8DB2-1A667B55945A}.Release|iPhoneSimulator.Build.0 = Release|x64
		{4C49806F-5847-4F8E-8DB2-1A667B55945A}.Release|iPhoneSimulator.Deploy.0 = Release|x64
		{4C49806F-5847-4F8E-8DB2-1A667B55945A}.Release|x64.ActiveCfg = Release|x64
		{4C49806F-5847-4F8E-8DB2-1A667B55945A}.Release|x64.Build.0 = Release|x64
		{4C49806F-5847-4F8E-8DB2-1A667B55945A}.Release|x64.Deploy.0 = Release|x64
		{4C49806F-5847-4F8E-8DB2-1A667B55945A}.Release|x86.ActiveCfg = Release|x86
		{4C49806F-5847-4F8E-8DB2-1A667B55945A}.Release|x86.Build.0 = Release|x86
		{4C49806F-5847-4F8E-8DB2-1A667B55945A}.Release|x86.Deploy.0 = Release|x86
		{F736E29E-B0F2-4ECA-AEF9-3B9E8BE5F2E4}.Debug|Any CPU.ActiveCfg = Debug|Any CPU
		{F736E29E-B0F2-4ECA-AEF9-3B9E8BE5F2E4}.Debug|Any CPU.Build.0 = Debug|Any CPU
		{F736E29E-B0F2-4ECA-AEF9-3B9E8BE5F2E4}.Debug|Any CPU.Deploy.0 = Debug|Any CPU
		{F736E29E-B0F2-4ECA-AEF9-3B9E8BE5F2E4}.Debug|ARM.ActiveCfg = Debug|Any CPU
		{F736E29E-B0F2-4ECA-AEF9-3B9E8BE5F2E4}.Debug|ARM.Build.0 = Debug|Any CPU
		{F736E29E-B0F2-4ECA-AEF9-3B9E8BE5F2E4}.Debug|ARM.Deploy.0 = Debug|Any CPU
		{F736E29E-B0F2-4ECA-AEF9-3B9E8BE5F2E4}.Debug|iPhone.ActiveCfg = Debug|Any CPU
		{F736E29E-B0F2-4ECA-AEF9-3B9E8BE5F2E4}.Debug|iPhone.Build.0 = Debug|Any CPU
		{F736E29E-B0F2-4ECA-AEF9-3B9E8BE5F2E4}.Debug|iPhone.Deploy.0 = Debug|Any CPU
		{F736E29E-B0F2-4ECA-AEF9-3B9E8BE5F2E4}.Debug|iPhoneSimulator.ActiveCfg = Debug|Any CPU
		{F736E29E-B0F2-4ECA-AEF9-3B9E8BE5F2E4}.Debug|iPhoneSimulator.Build.0 = Debug|Any CPU
		{F736E29E-B0F2-4ECA-AEF9-3B9E8BE5F2E4}.Debug|iPhoneSimulator.Deploy.0 = Debug|Any CPU
		{F736E29E-B0F2-4ECA-AEF9-3B9E8BE5F2E4}.Debug|x64.ActiveCfg = Debug|Any CPU
		{F736E29E-B0F2-4ECA-AEF9-3B9E8BE5F2E4}.Debug|x64.Build.0 = Debug|Any CPU
		{F736E29E-B0F2-4ECA-AEF9-3B9E8BE5F2E4}.Debug|x64.Deploy.0 = Debug|Any CPU
		{F736E29E-B0F2-4ECA-AEF9-3B9E8BE5F2E4}.Debug|x86.ActiveCfg = Debug|Any CPU
		{F736E29E-B0F2-4ECA-AEF9-3B9E8BE5F2E4}.Debug|x86.Build.0 = Debug|Any CPU
		{F736E29E-B0F2-4ECA-AEF9-3B9E8BE5F2E4}.Debug|x86.Deploy.0 = Debug|Any CPU
		{F736E29E-B0F2-4ECA-AEF9-3B9E8BE5F2E4}.Release|Any CPU.ActiveCfg = Release|Any CPU
		{F736E29E-B0F2-4ECA-AEF9-3B9E8BE5F2E4}.Release|Any CPU.Build.0 = Release|Any CPU
		{F736E29E-B0F2-4ECA-AEF9-3B9E8BE5F2E4}.Release|Any CPU.Deploy.0 = Release|Any CPU
		{F736E29E-B0F2-4ECA-AEF9-3B9E8BE5F2E4}.Release|ARM.ActiveCfg = Release|Any CPU
		{F736E29E-B0F2-4ECA-AEF9-3B9E8BE5F2E4}.Release|ARM.Build.0 = Release|Any CPU
		{F736E29E-B0F2-4ECA-AEF9-3B9E8BE5F2E4}.Release|ARM.Deploy.0 = Release|Any CPU
		{F736E29E-B0F2-4ECA-AEF9-3B9E8BE5F2E4}.Release|iPhone.ActiveCfg = Release|Any CPU
		{F736E29E-B0F2-4ECA-AEF9-3B9E8BE5F2E4}.Release|iPhone.Build.0 = Release|Any CPU
		{F736E29E-B0F2-4ECA-AEF9-3B9E8BE5F2E4}.Release|iPhone.Deploy.0 = Release|Any CPU
		{F736E29E-B0F2-4ECA-AEF9-3B9E8BE5F2E4}.Release|iPhoneSimulator.ActiveCfg = Release|Any CPU
		{F736E29E-B0F2-4ECA-AEF9-3B9E8BE5F2E4}.Release|iPhoneSimulator.Build.0 = Release|Any CPU
		{F736E29E-B0F2-4ECA-AEF9-3B9E8BE5F2E4}.Release|iPhoneSimulator.Deploy.0 = Release|Any CPU
		{F736E29E-B0F2-4ECA-AEF9-3B9E8BE5F2E4}.Release|x64.ActiveCfg = Release|Any CPU
		{F736E29E-B0F2-4ECA-AEF9-3B9E8BE5F2E4}.Release|x64.Build.0 = Release|Any CPU
		{F736E29E-B0F2-4ECA-AEF9-3B9E8BE5F2E4}.Release|x64.Deploy.0 = Release|Any CPU
		{F736E29E-B0F2-4ECA-AEF9-3B9E8BE5F2E4}.Release|x86.ActiveCfg = Release|Any CPU
		{F736E29E-B0F2-4ECA-AEF9-3B9E8BE5F2E4}.Release|x86.Build.0 = Release|Any CPU
		{F736E29E-B0F2-4ECA-AEF9-3B9E8BE5F2E4}.Release|x86.Deploy.0 = Release|Any CPU
		{C4D4D160-17C6-43FD-A6DA-91D4F5C3249F}.Debug|Any CPU.ActiveCfg = Debug|iPhoneSimulator
		{C4D4D160-17C6-43FD-A6DA-91D4F5C3249F}.Debug|Any CPU.Build.0 = Debug|iPhoneSimulator
		{C4D4D160-17C6-43FD-A6DA-91D4F5C3249F}.Debug|Any CPU.Deploy.0 = Debug|iPhoneSimulator
		{C4D4D160-17C6-43FD-A6DA-91D4F5C3249F}.Debug|ARM.ActiveCfg = Debug|iPhoneSimulator
		{C4D4D160-17C6-43FD-A6DA-91D4F5C3249F}.Debug|ARM.Build.0 = Debug|iPhoneSimulator
		{C4D4D160-17C6-43FD-A6DA-91D4F5C3249F}.Debug|ARM.Deploy.0 = Debug|iPhoneSimulator
		{C4D4D160-17C6-43FD-A6DA-91D4F5C3249F}.Debug|iPhone.ActiveCfg = Debug|iPhone
		{C4D4D160-17C6-43FD-A6DA-91D4F5C3249F}.Debug|iPhone.Build.0 = Debug|iPhone
		{C4D4D160-17C6-43FD-A6DA-91D4F5C3249F}.Debug|iPhone.Deploy.0 = Debug|iPhone
		{C4D4D160-17C6-43FD-A6DA-91D4F5C3249F}.Debug|iPhoneSimulator.ActiveCfg = Debug|iPhoneSimulator
		{C4D4D160-17C6-43FD-A6DA-91D4F5C3249F}.Debug|iPhoneSimulator.Build.0 = Debug|iPhoneSimulator
		{C4D4D160-17C6-43FD-A6DA-91D4F5C3249F}.Debug|iPhoneSimulator.Deploy.0 = Debug|iPhoneSimulator
		{C4D4D160-17C6-43FD-A6DA-91D4F5C3249F}.Debug|x64.ActiveCfg = Debug|iPhone
		{C4D4D160-17C6-43FD-A6DA-91D4F5C3249F}.Debug|x64.Build.0 = Debug|iPhone
		{C4D4D160-17C6-43FD-A6DA-91D4F5C3249F}.Debug|x64.Deploy.0 = Debug|iPhone
		{C4D4D160-17C6-43FD-A6DA-91D4F5C3249F}.Debug|x86.ActiveCfg = Debug|iPhoneSimulator
		{C4D4D160-17C6-43FD-A6DA-91D4F5C3249F}.Debug|x86.Build.0 = Debug|iPhoneSimulator
		{C4D4D160-17C6-43FD-A6DA-91D4F5C3249F}.Debug|x86.Deploy.0 = Debug|iPhoneSimulator
		{C4D4D160-17C6-43FD-A6DA-91D4F5C3249F}.Release|Any CPU.ActiveCfg = Release|iPhoneSimulator
		{C4D4D160-17C6-43FD-A6DA-91D4F5C3249F}.Release|Any CPU.Build.0 = Release|iPhoneSimulator
		{C4D4D160-17C6-43FD-A6DA-91D4F5C3249F}.Release|Any CPU.Deploy.0 = Release|iPhoneSimulator
		{C4D4D160-17C6-43FD-A6DA-91D4F5C3249F}.Release|ARM.ActiveCfg = Release|iPhoneSimulator
		{C4D4D160-17C6-43FD-A6DA-91D4F5C3249F}.Release|ARM.Build.0 = Release|iPhoneSimulator
		{C4D4D160-17C6-43FD-A6DA-91D4F5C3249F}.Release|ARM.Deploy.0 = Release|iPhoneSimulator
		{C4D4D160-17C6-43FD-A6DA-91D4F5C3249F}.Release|iPhone.ActiveCfg = Release|iPhone
		{C4D4D160-17C6-43FD-A6DA-91D4F5C3249F}.Release|iPhone.Build.0 = Release|iPhone
		{C4D4D160-17C6-43FD-A6DA-91D4F5C3249F}.Release|iPhone.Deploy.0 = Release|iPhone
		{C4D4D160-17C6-43FD-A6DA-91D4F5C3249F}.Release|iPhoneSimulator.ActiveCfg = Release|iPhoneSimulator
		{C4D4D160-17C6-43FD-A6DA-91D4F5C3249F}.Release|iPhoneSimulator.Build.0 = Release|iPhoneSimulator
		{C4D4D160-17C6-43FD-A6DA-91D4F5C3249F}.Release|iPhoneSimulator.Deploy.0 = Release|iPhoneSimulator
		{C4D4D160-17C6-43FD-A6DA-91D4F5C3249F}.Release|x64.ActiveCfg = Release|iPhoneSimulator
		{C4D4D160-17C6-43FD-A6DA-91D4F5C3249F}.Release|x64.Build.0 = Release|iPhoneSimulator
		{C4D4D160-17C6-43FD-A6DA-91D4F5C3249F}.Release|x64.Deploy.0 = Release|iPhoneSimulator
		{C4D4D160-17C6-43FD-A6DA-91D4F5C3249F}.Release|x86.ActiveCfg = Release|iPhoneSimulator
		{C4D4D160-17C6-43FD-A6DA-91D4F5C3249F}.Release|x86.Build.0 = Release|iPhoneSimulator
		{C4D4D160-17C6-43FD-A6DA-91D4F5C3249F}.Release|x86.Deploy.0 = Release|iPhoneSimulator
		{9C415C17-A8E7-4DB7-9F26-C7E86A9C355B}.Debug|Any CPU.ActiveCfg = Debug|Any CPU
		{9C415C17-A8E7-4DB7-9F26-C7E86A9C355B}.Debug|Any CPU.Build.0 = Debug|Any CPU
		{9C415C17-A8E7-4DB7-9F26-C7E86A9C355B}.Debug|Any CPU.Deploy.0 = Debug|Any CPU
		{9C415C17-A8E7-4DB7-9F26-C7E86A9C355B}.Debug|ARM.ActiveCfg = Debug|Any CPU
		{9C415C17-A8E7-4DB7-9F26-C7E86A9C355B}.Debug|ARM.Build.0 = Debug|Any CPU
		{9C415C17-A8E7-4DB7-9F26-C7E86A9C355B}.Debug|ARM.Deploy.0 = Debug|Any CPU
		{9C415C17-A8E7-4DB7-9F26-C7E86A9C355B}.Debug|iPhone.ActiveCfg = Debug|Any CPU
		{9C415C17-A8E7-4DB7-9F26-C7E86A9C355B}.Debug|iPhone.Build.0 = Debug|Any CPU
		{9C415C17-A8E7-4DB7-9F26-C7E86A9C355B}.Debug|iPhone.Deploy.0 = Debug|Any CPU
		{9C415C17-A8E7-4DB7-9F26-C7E86A9C355B}.Debug|iPhoneSimulator.ActiveCfg = Debug|Any CPU
		{9C415C17-A8E7-4DB7-9F26-C7E86A9C355B}.Debug|iPhoneSimulator.Build.0 = Debug|Any CPU
		{9C415C17-A8E7-4DB7-9F26-C7E86A9C355B}.Debug|iPhoneSimulator.Deploy.0 = Debug|Any CPU
		{9C415C17-A8E7-4DB7-9F26-C7E86A9C355B}.Debug|x64.ActiveCfg = Debug|Any CPU
		{9C415C17-A8E7-4DB7-9F26-C7E86A9C355B}.Debug|x64.Build.0 = Debug|Any CPU
		{9C415C17-A8E7-4DB7-9F26-C7E86A9C355B}.Debug|x64.Deploy.0 = Debug|Any CPU
		{9C415C17-A8E7-4DB7-9F26-C7E86A9C355B}.Debug|x86.ActiveCfg = Debug|Any CPU
		{9C415C17-A8E7-4DB7-9F26-C7E86A9C355B}.Debug|x86.Build.0 = Debug|Any CPU
		{9C415C17-A8E7-4DB7-9F26-C7E86A9C355B}.Debug|x86.Deploy.0 = Debug|Any CPU
		{9C415C17-A8E7-4DB7-9F26-C7E86A9C355B}.Release|Any CPU.ActiveCfg = Release|Any CPU
		{9C415C17-A8E7-4DB7-9F26-C7E86A9C355B}.Release|Any CPU.Build.0 = Release|Any CPU
		{9C415C17-A8E7-4DB7-9F26-C7E86A9C355B}.Release|Any CPU.Deploy.0 = Release|Any CPU
		{9C415C17-A8E7-4DB7-9F26-C7E86A9C355B}.Release|ARM.ActiveCfg = Release|Any CPU
		{9C415C17-A8E7-4DB7-9F26-C7E86A9C355B}.Release|ARM.Build.0 = Release|Any CPU
		{9C415C17-A8E7-4DB7-9F26-C7E86A9C355B}.Release|ARM.Deploy.0 = Release|Any CPU
		{9C415C17-A8E7-4DB7-9F26-C7E86A9C355B}.Release|iPhone.ActiveCfg = Release|Any CPU
		{9C415C17-A8E7-4DB7-9F26-C7E86A9C355B}.Release|iPhone.Build.0 = Release|Any CPU
		{9C415C17-A8E7-4DB7-9F26-C7E86A9C355B}.Release|iPhone.Deploy.0 = Release|Any CPU
		{9C415C17-A8E7-4DB7-9F26-C7E86A9C355B}.Release|iPhoneSimulator.ActiveCfg = Release|Any CPU
		{9C415C17-A8E7-4DB7-9F26-C7E86A9C355B}.Release|iPhoneSimulator.Build.0 = Release|Any CPU
		{9C415C17-A8E7-4DB7-9F26-C7E86A9C355B}.Release|iPhoneSimulator.Deploy.0 = Release|Any CPU
		{9C415C17-A8E7-4DB7-9F26-C7E86A9C355B}.Release|x64.ActiveCfg = Release|Any CPU
		{9C415C17-A8E7-4DB7-9F26-C7E86A9C355B}.Release|x64.Build.0 = Release|Any CPU
		{9C415C17-A8E7-4DB7-9F26-C7E86A9C355B}.Release|x64.Deploy.0 = Release|Any CPU
		{9C415C17-A8E7-4DB7-9F26-C7E86A9C355B}.Release|x86.ActiveCfg = Release|Any CPU
		{9C415C17-A8E7-4DB7-9F26-C7E86A9C355B}.Release|x86.Build.0 = Release|Any CPU
		{9C415C17-A8E7-4DB7-9F26-C7E86A9C355B}.Release|x86.Deploy.0 = Release|Any CPU
	EndGlobalSection
	GlobalSection(SolutionProperties) = preSolution
		HideSolutionNode = FALSE
	EndGlobalSection
	GlobalSection(ExtensibilityGlobals) = postSolution
		SolutionGuid = {6B1289A7-7AEF-4296-A9F5-161D7A70A663}
	EndGlobalSection
EndGlobal
